# This file is autogenerated, do not edit; changes may be undone by the next 'dep ensure'.


[[projects]]
  branch = "master"
  name = "golang.org/x/exp"
  packages = ["rand"]
  revision = "f5f346835693c5509c511fda7249a6f30302bf53"

[[projects]]
  branch = "master"
  name = "gonum.org/v1/gonum"
  packages = [
    "blas",
    "blas/blas64",
    "blas/gonum",
    "floats",
    "internal/asm/c128",
    "internal/asm/f32",
    "internal/asm/f64",
    "internal/math32",
    "lapack",
    "lapack/gonum",
    "lapack/lapack64",
    "mat",
    "mathext",
    "mathext/internal/amos",
    "mathext/internal/cephes",
    "mathext/internal/gonum",
    "stat",
    "stat/distuv"
  ]
  revision = "e9e56344e335b77c52738092530a60fd12db0351"

[solve-meta]
  analyzer-name = "dep"
  analyzer-version = 1
  inputs-digest = "e069d8784e4c5f32a6f645482595ab370fe38c62b6860a3339378cf9f5c8a9d4"
  solver-name = "gps-cdcl"
  solver-version = 1
