# This file is autogenerated, do not edit; changes may be undone by the next 'dep ensure'.


[[projects]]
  name = "github.com/golang/protobuf"
  packages = ["proto"]
  revision = "b4deda0973fb4c70b50d226b1af49f3da59f5265"
  version = "v1.1.0"

[[projects]]
  branch = "master"
  name = "golang.org/x/exp"
  packages = ["rand"]
  revision = "f5f346835693c5509c511fda7249a6f30302bf53"

[[projects]]
  branch = "master"
  name = "gonum.org/v1/gonum"
  packages = [
    "blas",
    "blas/blas64",
    "blas/gonum",
    "floats",
    "internal/asm/c128",
    "internal/asm/f32",
    "internal/asm/f64",
    "internal/math32",
    "lapack",
    "lapack/gonum",
    "lapack/lapack64",
    "mat",
    "mathext",
    "mathext/internal/amos",
    "mathext/internal/cephes",
    "mathext/internal/gonum",
    "stat",
    "stat/distuv"
  ]
  revision = "e9e56344e335b77c52738092530a60fd12db0351"

[solve-meta]
  analyzer-name = "dep"
  analyzer-version = 1
  inputs-digest = "68234f486c6e630eba941ef7abc7c53d3bdc734a64ed01a7705d7678bd5c3cb6"
  solver-name = "gps-cdcl"
  solver-version = 1
